// !$*UTF8*$!
{
	archiveVersion = 1;
	classes = {
	};
	objectVersion = 77;
	objects = {

/* Begin PBXBuildFile section */
		40BEB5C52D981E6B00234C3D /* FirebaseAuth in Frameworks */ = {isa = PBXBuildFile; productRef = 40BEB5C42D981E6B00234C3D /* FirebaseAuth */; };
		40BEB5C72D981E6B00234C3D /* FirebaseFirestore in Frameworks */ = {isa = PBXBuildFile; productRef = 40BEB5C62D981E6B00234C3D /* FirebaseFirestore */; };
		40BEB5C92D981E6B00234C3D /* FirebaseStorage in Frameworks */ = {isa = PBXBuildFile; productRef = 40BEB5C82D981E6B00234C3D /* FirebaseStorage */; };
/* End PBXBuildFile section */

/* Begin PBXContainerItemProxy section */
		40320DD52D96625500C62FD7 /* PBXContainerItemProxy */ = {
			isa = PBXContainerItemProxy;
			containerPortal = 40320DBC2D96625300C62FD7 /* Project object */;
			proxyType = 1;
			remoteGlobalIDString = 40320DC32D96625300C62FD7;
			remoteInfo = EasyTalkProject;
		};
		40320DDF2D96625500C62FD7 /* PBXContainerItemProxy */ = {
			isa = PBXContainerItemProxy;
			containerPortal = 40320DBC2D96625300C62FD7 /* Project object */;
			proxyType = 1;
			remoteGlobalIDString = 40320DC32D96625300C62FD7;
			remoteInfo = EasyTalkProject;
		};
/* End PBXContainerItemProxy section */

/* Begin PBXFileReference section */
		40320DC42D96625300C62FD7 /* EasyTalkProject.app */ = {isa = PBXFileReference; explicitFileType = wrapper.application; includeInIndex = 0; path = EasyTalkProject.app; sourceTree = BUILT_PRODUCTS_DIR; };
		40320DD42D96625500C62FD7 /* EasyTalkProjectTests.xctest */ = {isa = PBXFileReference; explicitFileType = wrapper.cfbundle; includeInIndex = 0; path = EasyTalkProjectTests.xctest; sourceTree = BUILT_PRODUCTS_DIR; };
		40320DDE2D96625500C62FD7 /* EasyTalkProjectUITests.xctest */ = {isa = PBXFileReference; explicitFileType = wrapper.cfbundle; includeInIndex = 0; path = EasyTalkProjectUITests.xctest; sourceTree = BUILT_PRODUCTS_DIR; };
/* End PBXFileReference section */

/* Begin PBXFileSystemSynchronizedRootGroup section */
		40320DC62D96625300C62FD7 /* EasyTalkProject */ = {
			isa = PBXFileSystemSynchronizedRootGroup;
			path = EasyTalkProject;
			sourceTree = "<group>";
		};
		40320DD72D96625500C62FD7 /* EasyTalkProjectTests */ = {
			isa = PBXFileSystemSynchronizedRootGroup;
			path = EasyTalkProjectTests;
			sourceTree = "<group>";
		};
		40320DE12D96625500C62FD7 /* EasyTalkProjectUITests */ = {
			isa = PBXFileSystemSynchronizedRootGroup;
			path = EasyTalkProjectUITests;
			sourceTree = "<group>";
		};
/* End PBXFileSystemSynchronizedRootGroup section */

/* Begin PBXFrameworksBuildPhase section */
		40320DC12D96625300C62FD7 /* Frameworks */ = {
			isa = PBXFrameworksBuildPhase;
			buildActionMask = 2147483647;
			files = (
				40BEB5C52D981E6B00234C3D /* FirebaseAuth in Frameworks */,
				40BEB5C72D981E6B00234C3D /* FirebaseFirestore in Frameworks */,
				40BEB5C92D981E6B00234C3D /* FirebaseStorage in Frameworks */,
			);
			runOnlyForDeploymentPostprocessing = 0;
		};
		40320DD12D96625500C62FD7 /* Frameworks */ = {
			isa = PBXFrameworksBuildPhase;
			buildActionMask = 2147483647;
			files = (
			);
			runOnlyForDeploymentPostprocessing = 0;
		};
		40320DDB2D96625500C62FD7 /* Frameworks */ = {
			isa = PBXFrameworksBuildPhase;
			buildActionMask = 2147483647;
			files = (
			);
			runOnlyForDeploymentPostprocessing = 0;
		};
/* End PBXFrameworksBuildPhase section */

/* Begin PBXGroup section */
		40320DBB2D96625300C62FD7 = {
			isa = PBXGroup;
			children = (
				40320DC62D96625300C62FD7 /* EasyTalkProject */,
				40320DD72D96625500C62FD7 /* EasyTalkProjectTests */,
				40320DE12D96625500C62FD7 /* EasyTalkProjectUITests */,
				40320DC52D96625300C62FD7 /* Products */,
			);
			sourceTree = "<group>";
		};
		40320DC52D96625300C62FD7 /* Products */ = {
			isa = PBXGroup;
			children = (
				40320DC42D96625300C62FD7 /* EasyTalkProject.app */,
				40320DD42D96625500C62FD7 /* EasyTalkProjectTests.xctest */,
				40320DDE2D96625500C62FD7 /* EasyTalkProjectUITests.xctest */,
			);
			name = Products;
			sourceTree = "<group>";
		};
/* End PBXGroup section */

/* Begin PBXNativeTarget section */
		40320DC32D96625300C62FD7 /* EasyTalkProject */ = {
			isa = PBXNativeTarget;
			buildConfigurationList = 40320DE82D96625500C62FD7 /* Build configuration list for PBXNativeTarget "EasyTalkProject" */;
			buildPhases = (
				40320DC02D96625300C62FD7 /* Sources */,
				40320DC12D96625300C62FD7 /* Frameworks */,
				40320DC22D96625300C62FD7 /* Resources */,
			);
			buildRules = (
			);
			dependencies = (
			);
			fileSystemSynchronizedGroups = (
				40320DC62D96625300C62FD7 /* EasyTalkProject */,
			);
			name = EasyTalkProject;
			packageProductDependencies = (
				40BEB5C42D981E6B00234C3D /* FirebaseAuth */,
				40BEB5C62D981E6B00234C3D /* FirebaseFirestore */,
				40BEB5C82D981E6B00234C3D /* FirebaseStorage */,
			);
			productName = EasyTalkProject;
			productReference = 40320DC42D96625300C62FD7 /* EasyTalkProject.app */;
			productType = "com.apple.product-type.application";
		};
		40320DD32D96625500C62FD7 /* EasyTalkProjectTests */ = {
			isa = PBXNativeTarget;
			buildConfigurationList = 40320DEB2D96625500C62FD7 /* Build configuration list for PBXNativeTarget "EasyTalkProjectTests" */;
			buildPhases = (
				40320DD02D96625500C62FD7 /* Sources */,
				40320DD12D96625500C62FD7 /* Frameworks */,
				40320DD22D96625500C62FD7 /* Resources */,
			);
			buildRules = (
			);
			dependencies = (
				40320DD62D96625500C62FD7 /* PBXTargetDependency */,
			);
			fileSystemSynchronizedGroups = (
				40320DD72D96625500C62FD7 /* EasyTalkProjectTests */,
			);
			name = EasyTalkProjectTests;
			packageProductDependencies = (
			);
			productName = EasyTalkProjectTests;
			productReference = 40320DD42D96625500C62FD7 /* EasyTalkProjectTests.xctest */;
			productType = "com.apple.product-type.bundle.unit-test";
		};
		40320DDD2D96625500C62FD7 /* EasyTalkProjectUITests */ = {
			isa = PBXNativeTarget;
			buildConfigurationList = 40320DEE2D96625500C62FD7 /* Build configuration list for PBXNativeTarget "EasyTalkProjectUITests" */;
			buildPhases = (
				40320DDA2D96625500C62FD7 /* Sources */,
				40320DDB2D96625500C62FD7 /* Frameworks */,
				40320DDC2D96625500C62FD7 /* Resources */,
			);
			buildRules = (
			);
			dependencies = (
				40320DE02D96625500C62FD7 /* PBXTargetDependency */,
			);
			fileSystemSynchronizedGroups = (
				40320DE12D96625500C62FD7 /* EasyTalkProjectUITests */,
			);
			name = EasyTalkProjectUITests;
			packageProductDependencies = (
			);
			productName = EasyTalkProjectUITests;
			productReference = 40320DDE2D96625500C62FD7 /* EasyTalkProjectUITests.xctest */;
			productType = "com.apple.product-type.bundle.ui-testing";
		};
/* End PBXNativeTarget section */

/* Begin PBXProject section */
		40320DBC2D96625300C62FD7 /* Project object */ = {
			isa = PBXProject;
			attributes = {
				BuildIndependentTargetsInParallel = 1;
				LastSwiftUpdateCheck = 1620;
				LastUpgradeCheck = 1620;
				TargetAttributes = {
					40320DC32D96625300C62FD7 = {
						CreatedOnToolsVersion = 16.2;
					};
					40320DD32D96625500C62FD7 = {
						CreatedOnToolsVersion = 16.2;
						TestTargetID = 40320DC32D96625300C62FD7;
					};
					40320DDD2D96625500C62FD7 = {
						CreatedOnToolsVersion = 16.2;
						TestTargetID = 40320DC32D96625300C62FD7;
					};
				};
			};
			buildConfigurationList = 40320DBF2D96625300C62FD7 /* Build configuration list for PBXProject "EasyTalkProject" */;
			developmentRegion = en;
			hasScannedForEncodings = 0;
			knownRegions = (
				en,
				Base,
			);
			mainGroup = 40320DBB2D96625300C62FD7;
			minimizedProjectReferenceProxies = 1;
			packageReferences = (
				40BEB5C32D981E6B00234C3D /* XCRemoteSwiftPackageReference "firebase-ios-sdk" */,
			);
			preferredProjectObjectVersion = 77;
			productRefGroup = 40320DC52D96625300C62FD7 /* Products */;
			projectDirPath = "";
			projectRoot = "";
			targets = (
				40320DC32D96625300C62FD7 /* EasyTalkProject */,
				40320DD32D96625500C62FD7 /* EasyTalkProjectTests */,
				40320DDD2D96625500C62FD7 /* EasyTalkProjectUITests */,
			);
		};
/* End PBXProject section */

/* Begin PBXResourcesBuildPhase section */
		40320DC22D96625300C62FD7 /* Resources */ = {
			isa = PBXResourcesBuildPhase;
			buildActionMask = 2147483647;
			files = (
			);
			runOnlyForDeploymentPostprocessing = 0;
		};
		40320DD22D96625500C62FD7 /* Resources */ = {
			isa = PBXResourcesBuildPhase;
			buildActionMask = 2147483647;
			files = (
			);
			runOnlyForDeploymentPostprocessing = 0;
		};
		40320DDC2D96625500C62FD7 /* Resources */ = {
			isa = PBXResourcesBuildPhase;
			buildActionMask = 2147483647;
			files = (
			);
			runOnlyForDeploymentPostprocessing = 0;
		};
/* End PBXResourcesBuildPhase section */

/* Begin PBXSourcesBuildPhase section */
		40320DC02D96625300C62FD7 /* Sources */ = {
			isa = PBXSourcesBuildPhase;
			buildActionMask = 2147483647;
			files = (
			);
			runOnlyForDeploymentPostprocessing = 0;
		};
		40320DD02D96625500C62FD7 /* Sources */ = {
			isa = PBXSourcesBuildPhase;
			buildActionMask = 2147483647;
			files = (
			);
			runOnlyForDeploymentPostprocessing = 0;
		};
		40320DDA2D96625500C62FD7 /* Sources */ = {
			isa = PBXSourcesBuildPhase;
			buildActionMask = 2147483647;
			files = (
			);
			runOnlyForDeploymentPostprocessing = 0;
		};
/* End PBXSourcesBuildPhase section */

/* Begin PBXTargetDependency section */
		40320DD62D96625500C62FD7 /* PBXTargetDependency */ = {
			isa = PBXTargetDependency;
			target = 40320DC32D96625300C62FD7 /* EasyTalkProject */;
			targetProxy = 40320DD52D96625500C62FD7 /* PBXContainerItemProxy */;
		};
		40320DE02D96625500C62FD7 /* PBXTargetDependency */ = {
			isa = PBXTargetDependency;
			target = 40320DC32D96625300C62FD7 /* EasyTalkProject */;
			targetProxy = 40320DDF2D96625500C62FD7 /* PBXContainerItemProxy */;
		};
/* End PBXTargetDependency section */

/* Begin XCBuildConfiguration section */
		40320DE62D96625500C62FD7 /* Debug */ = {
			isa = XCBuildConfiguration;
			buildSettings = {
				ALWAYS_SEARCH_USER_PATHS = NO;
				ASSETCATALOG_COMPILER_GENERATE_SWIFT_ASSET_SYMBOL_EXTENSIONS = YES;
				CLANG_ANALYZER_NONNULL = YES;
				CLANG_ANALYZER_NUMBER_OBJECT_CONVERSION = YES_AGGRESSIVE;
				CLANG_CXX_LANGUAGE_STANDARD = "gnu++20";
				CLANG_ENABLE_MODULES = YES;
				CLANG_ENABLE_OBJC_ARC = YES;
				CLANG_ENABLE_OBJC_WEAK = YES;
				CLANG_WARN_BLOCK_CAPTURE_AUTORELEASING = YES;
				CLANG_WARN_BOOL_CONVERSION = YES;
				CLANG_WARN_COMMA = YES;
				CLANG_WARN_CONSTANT_CONVERSION = YES;
				CLANG_WARN_DEPRECATED_OBJC_IMPLEMENTATIONS = YES;
				CLANG_WARN_DIRECT_OBJC_ISA_USAGE = YES_ERROR;
				CLANG_WARN_DOCUMENTATION_COMMENTS = YES;
				CLANG_WARN_EMPTY_BODY = YES;
				CLANG_WARN_ENUM_CONVERSION = YES;
				CLANG_WARN_INFINITE_RECURSION = YES;
				CLANG_WARN_INT_CONVERSION = YES;
				CLANG_WARN_NON_LITERAL_NULL_CONVERSION = YES;
				CLANG_WARN_OBJC_IMPLICIT_RETAIN_SELF = YES;
				CLANG_WARN_OBJC_LITERAL_CONVERSION = YES;
				CLANG_WARN_OBJC_ROOT_CLASS = YES_ERROR;
				CLANG_WARN_QUOTED_INCLUDE_IN_FRAMEWORK_HEADER = YES;
				CLANG_WARN_RANGE_LOOP_ANALYSIS = YES;
				CLANG_WARN_STRICT_PROTOTYPES = YES;
				CLANG_WARN_SUSPICIOUS_MOVE = YES;
				CLANG_WARN_UNGUARDED_AVAILABILITY = YES_AGGRESSIVE;
				CLANG_WARN_UNREACHABLE_CODE = YES;
				CLANG_WARN__DUPLICATE_METHOD_MATCH = YES;
				COPY_PHASE_STRIP = NO;
				DEBUG_INFORMATION_FORMAT = dwarf;
				ENABLE_STRICT_OBJC_MSGSEND = YES;
				ENABLE_TESTABILITY = YES;
				ENABLE_USER_SCRIPT_SANDBOXING = YES;
				GCC_C_LANGUAGE_STANDARD = gnu17;
				GCC_DYNAMIC_NO_PIC = NO;
				GCC_NO_COMMON_BLOCKS = YES;
				GCC_OPTIMIZATION_LEVEL = 0;
				GCC_PREPROCESSOR_DEFINITIONS = (
					"DEBUG=1",
					"$(inherited)",
				);
				GCC_WARN_64_TO_32_BIT_CONVERSION = YES;
				GCC_WARN_ABOUT_RETURN_TYPE = YES_ERROR;
				GCC_WARN_UNDECLARED_SELECTOR = YES;
				GCC_WARN_UNINITIALIZED_AUTOS = YES_AGGRESSIVE;
				GCC_WARN_UNUSED_FUNCTION = YES;
				GCC_WARN_UNUSED_VARIABLE = YES;
				IPHONEOS_DEPLOYMENT_TARGET = 18.2;
				LOCALIZATION_PREFERS_STRING_CATALOGS = YES;
				MTL_ENABLE_DEBUG_INFO = INCLUDE_SOURCE;
				MTL_FAST_MATH = YES;
				ONLY_ACTIVE_ARCH = YES;
				SDKROOT = iphoneos;
				SWIFT_ACTIVE_COMPILATION_CONDITIONS = "DEBUG $(inherited)";
				SWIFT_OPTIMIZATION_LEVEL = "-Onone";
			};
			name = Debug;
		};
		40320DE72D96625500C62FD7 /* Release */ = {
			isa = XCBuildConfiguration;
			buildSettings = {
				ALWAYS_SEARCH_USER_PATHS = NO;
				ASSETCATALOG_COMPILER_GENERATE_SWIFT_ASSET_SYMBOL_EXTENSIONS = YES;
				CLANG_ANALYZER_NONNULL = YES;
				CLANG_ANALYZER_NUMBER_OBJECT_CONVERSION = YES_AGGRESSIVE;
				CLANG_CXX_LANGUAGE_STANDARD = "gnu++20";
				CLANG_ENABLE_MODULES = YES;
				CLANG_ENABLE_OBJC_ARC = YES;
				CLANG_ENABLE_OBJC_WEAK = YES;
				CLANG_WARN_BLOCK_CAPTURE_AUTORELEASING = YES;
				CLANG_WARN_BOOL_CONVERSION = YES;
				CLANG_WARN_COMMA = YES;
				CLANG_WARN_CONSTANT_CONVERSION = YES;
				CLANG_WARN_DEPRECATED_OBJC_IMPLEMENTATIONS = YES;
				CLANG_WARN_DIRECT_OBJC_ISA_USAGE = YES_ERROR;
				CLANG_WARN_DOCUMENTATION_COMMENTS = YES;
				CLANG_WARN_EMPTY_BODY = YES;
				CLANG_WARN_ENUM_CONVERSION = YES;
				CLANG_WARN_INFINITE_RECURSION = YES;
				CLANG_WARN_INT_CONVERSION = YES;
				CLANG_WARN_NON_LITERAL_NULL_CONVERSION = YES;
				CLANG_WARN_OBJC_IMPLICIT_RETAIN_SELF = YES;
				CLANG_WARN_OBJC_LITERAL_CONVERSION = YES;
				CLANG_WARN_OBJC_ROOT_CLASS = YES_ERROR;
				CLANG_WARN_QUOTED_INCLUDE_IN_FRAMEWORK_HEADER = YES;
				CLANG_WARN_RANGE_LOOP_ANALYSIS = YES;
				CLANG_WARN_STRICT_PROTOTYPES = YES;
				CLANG_WARN_SUSPICIOUS_MOVE = YES;
				CLANG_WARN_UNGUARDED_AVAILABILITY = YES_AGGRESSIVE;
				CLANG_WARN_UNREACHABLE_CODE = YES;
				CLANG_WARN__DUPLICATE_METHOD_MATCH = YES;
				COPY_PHASE_STRIP = NO;
				DEBUG_INFORMATION_FORMAT = "dwarf-with-dsym";
				ENABLE_NS_ASSERTIONS = NO;
				ENABLE_STRICT_OBJC_MSGSEND = YES;
				ENABLE_USER_SCRIPT_SANDBOXING = YES;
				GCC_C_LANGUAGE_STANDARD = gnu17;
				GCC_NO_COMMON_BLOCKS = YES;
				GCC_WARN_64_TO_32_BIT_CONVERSION = YES;
				GCC_WARN_ABOUT_RETURN_TYPE = YES_ERROR;
				GCC_WARN_UNDECLARED_SELECTOR = YES;
				GCC_WARN_UNINITIALIZED_AUTOS = YES_AGGRESSIVE;
				GCC_WARN_UNUSED_FUNCTION = YES;
				GCC_WARN_UNUSED_VARIABLE = YES;
				IPHONEOS_DEPLOYMENT_TARGET = 18.2;
				LOCALIZATION_PREFERS_STRING_CATALOGS = YES;
				MTL_ENABLE_DEBUG_INFO = NO;
				MTL_FAST_MATH = YES;
				SDKROOT = iphoneos;
				SWIFT_COMPILATION_MODE = wholemodule;
				VALIDATE_PRODUCT = YES;
			};
			name = Release;
		};
		40320DE92D96625500C62FD7 /* Debug */ = {
			isa = XCBuildConfiguration;
			buildSettings = {
				ASSETCATALOG_COMPILER_APPICON_NAME = AppIcon;
				ASSETCATALOG_COMPILER_GLOBAL_ACCENT_COLOR_NAME = AccentColor;
				CODE_SIGN_STYLE = Automatic;
				CURRENT_PROJECT_VERSION = 1;
				DEVELOPMENT_ASSET_PATHS = "\"EasyTalkProject/Preview Content\"";
				ENABLE_PREVIEWS = YES;
				GENERATE_INFOPLIST_FILE = YES;
				INFOPLIST_KEY_UIApplicationSceneManifest_Generation = YES;
				INFOPLIST_KEY_UIApplicationSupportsIndirectInputEvents = YES;
				INFOPLIST_KEY_UILaunchScreen_Generation = YES;
				INFOPLIST_KEY_UISupportedInterfaceOrientations_iPad = "UIInterfaceOrientationPortrait UIInterfaceOrientationPortraitUpsideDown UIInterfaceOrientationLandscapeLeft UIInterfaceOrientationLandscapeRight";
				INFOPLIST_KEY_UISupportedInterfaceOrientations_iPhone = "UIInterfaceOrientationPortrait UIInterfaceOrientationLandscapeLeft UIInterfaceOrientationLandscapeRight";
				LD_RUNPATH_SEARCH_PATHS = (
					"$(inherited)",
					"@executable_path/Frameworks",
				);
				MARKETING_VERSION = 1.0;
				PRODUCT_BUNDLE_IDENTIFIER = com.EasyTalk.EasyTalkProject;
				PRODUCT_NAME = "$(TARGET_NAME)";
				SWIFT_EMIT_LOC_STRINGS = YES;
				SWIFT_VERSION = 5.0;
				TARGETED_DEVICE_FAMILY = "1,2";
			};
			name = Debug;
		};
		40320DEA2D96625500C62FD7 /* Release */ = {
			isa = XCBuildConfiguration;
			buildSettings = {
				ASSETCATALOG_COMPILER_APPICON_NAME = AppIcon;
				ASSETCATALOG_COMPILER_GLOBAL_ACCENT_COLOR_NAME = AccentColor;
				CODE_SIGN_STYLE = Automatic;
				CURRENT_PROJECT_VERSION = 1;
				DEVELOPMENT_ASSET_PATHS = "\"EasyTalkProject/Preview Content\"";
				ENABLE_PREVIEWS = YES;
				GENERATE_INFOPLIST_FILE = YES;
				INFOPLIST_KEY_UIApplicationSceneManifest_Generation = YES;
				INFOPLIST_KEY_UIApplicationSupportsIndirectInputEvents = YES;
				INFOPLIST_KEY_UILaunchScreen_Generation = YES;
				INFOPLIST_KEY_UISupportedInterfaceOrientations_iPad = "UIInterfaceOrientationPortrait UIInterfaceOrientationPortraitUpsideDown UIInterfaceOrientationLandscapeLeft UIInterfaceOrientationLandscapeRight";
				INFOPLIST_KEY_UISupportedInterfaceOrientations_iPhone = "UIInterfaceOrientationPortrait UIInterfaceOrientationLandscapeLeft UIInterfaceOrientationLandscapeRight";
				LD_RUNPATH_SEARCH_PATHS = (
					"$(inherited)",
					"@executable_path/Frameworks",
				);
				MARKETING_VERSION = 1.0;
				PRODUCT_BUNDLE_IDENTIFIER = com.EasyTalk.EasyTalkProject;
				PRODUCT_NAME = "$(TARGET_NAME)";
				SWIFT_EMIT_LOC_STRINGS = YES;
				SWIFT_VERSION = 5.0;
				TARGETED_DEVICE_FAMILY = "1,2";
			};
			name = Release;
		};
		40320DEC2D96625500C62FD7 /* Debug */ = {
			isa = XCBuildConfiguration;
			buildSettings = {
				BUNDLE_LOADER = "$(TEST_HOST)";
				CODE_SIGN_STYLE = Automatic;
				CURRENT_PROJECT_VERSION = 1;
				GENERATE_INFOPLIST_FILE = YES;
				IPHONEOS_DEPLOYMENT_TARGET = 18.2;
				MARKETING_VERSION = 1.0;
				PRODUCT_BUNDLE_IDENTIFIER = com.EasyTalk.EasyTalkProjectTests;
				PRODUCT_NAME = "$(TARGET_NAME)";
				SWIFT_EMIT_LOC_STRINGS = NO;
				SWIFT_VERSION = 5.0;
				TARGETED_DEVICE_FAMILY = "1,2";
				TEST_HOST = "$(BUILT_PRODUCTS_DIR)/EasyTalkProject.app/$(BUNDLE_EXECUTABLE_FOLDER_PATH)/EasyTalkProject";
			};
			name = Debug;
		};
		40320DED2D96625500C62FD7 /* Release */ = {
			isa = XCBuildConfiguration;
			buildSettings = {
				BUNDLE_LOADER = "$(TEST_HOST)";
				CODE_SIGN_STYLE = Automatic;
				CURRENT_PROJECT_VERSION = 1;
				GENERATE_INFOPLIST_FILE = YES;
				IPHONEOS_DEPLOYMENT_TARGET = 18.2;
				MARKETING_VERSION = 1.0;
				PRODUCT_BUNDLE_IDENTIFIER = com.EasyTalk.EasyTalkProjectTests;
				PRODUCT_NAME = "$(TARGET_NAME)";
				SWIFT_EMIT_LOC_STRINGS = NO;
				SWIFT_VERSION = 5.0;
				TARGETED_DEVICE_FAMILY = "1,2";
				TEST_HOST = "$(BUILT_PRODUCTS_DIR)/EasyTalkProject.app/$(BUNDLE_EXECUTABLE_FOLDER_PATH)/EasyTalkProject";
			};
			name = Release;
		};
		40320DEF2D96625500C62FD7 /* Debug */ = {
			isa = XCBuildConfiguration;
			buildSettings = {
				CODE_SIGN_STYLE = Automatic;
				CURRENT_PROJECT_VERSION = 1;
				GENERATE_INFOPLIST_FILE = YES;
				MARKETING_VERSION = 1.0;
				PRODUCT_BUNDLE_IDENTIFIER = com.EasyTalk.EasyTalkProjectUITests;
				PRODUCT_NAME = "$(TARGET_NAME)";
				SWIFT_EMIT_LOC_STRINGS = NO;
				SWIFT_VERSION = 5.0;
				TARGETED_DEVICE_FAMILY = "1,2";
				TEST_TARGET_NAME = EasyTalkProject;
			};
			name = Debug;
		};
		40320DF02D96625500C62FD7 /* Release */ = {
			isa = XCBuildConfiguration;
			buildSettings = {
				CODE_SIGN_STYLE = Automatic;
				CURRENT_PROJECT_VERSION = 1;
				GENERATE_INFOPLIST_FILE = YES;
				MARKETING_VERSION = 1.0;
				PRODUCT_BUNDLE_IDENTIFIER = com.EasyTalk.EasyTalkProjectUITests;
				PRODUCT_NAME = "$(TARGET_NAME)";
				SWIFT_EMIT_LOC_STRINGS = NO;
				SWIFT_VERSION = 5.0;
				TARGETED_DEVICE_FAMILY = "1,2";
				TEST_TARGET_NAME = EasyTalkProject;
			};
			name = Release;
		};
/* End XCBuildConfiguration section */

/* Begin XCConfigurationList section */
		40320DBF2D96625300C62FD7 /* Build configuration list for PBXProject "EasyTalkProject" */ = {
			isa = XCConfigurationList;
			buildConfigurations = (
				40320DE62D96625500C62FD7 /* Debug */,
				40320DE72D96625500C62FD7 /* Release */,
			);
			defaultConfigurationIsVisible = 0;
			defaultConfigurationName = Release;
		};
		40320DE82D96625500C62FD7 /* Build configuration list for PBXNativeTarget "EasyTalkProject" */ = {
			isa = XCConfigurationList;
			buildConfigurations = (
				40320DE92D96625500C62FD7 /* Debug */,
				40320DEA2D96625500C62FD7 /* Release */,
			);
			defaultConfigurationIsVisible = 0;
			defaultConfigurationName = Release;
		};
		40320DEB2D96625500C62FD7 /* Build configuration list for PBXNativeTarget "EasyTalkProjectTests" */ = {
			isa = XCConfigurationList;
			buildConfigurations = (
				40320DEC2D96625500C62FD7 /* Debug */,
				40320DED2D96625500C62FD7 /* Release */,
			);
			defaultConfigurationIsVisible = 0;
			defaultConfigurationName = Release;
		};
		40320DEE2D96625500C62FD7 /* Build configuration list for PBXNativeTarget "EasyTalkProjectUITests" */ = {
			isa = XCConfigurationList;
			buildConfigurations = (
				40320DEF2D96625500C62FD7 /* Debug */,
				40320DF02D96625500C62FD7 /* Release */,
			);
			defaultConfigurationIsVisible = 0;
			defaultConfigurationName = Release;
		};
/* End XCConfigurationList section */

/* Begin XCRemoteSwiftPackageReference section */
		40BEB5C32D981E6B00234C3D /* XCRemoteSwiftPackageReference "firebase-ios-sdk" */ = {
			isa = XCRemoteSwiftPackageReference;
			repositoryURL = "https://github.com/firebase/firebase-ios-sdk";
			requirement = {
				kind = upToNextMajorVersion;
				minimumVersion = 11.10.0;
			};
		};
/* End XCRemoteSwiftPackageReference section */

/* Begin XCSwiftPackageProductDependency section */
		40BEB5C42D981E6B00234C3D /* FirebaseAuth */ = {
			isa = XCSwiftPackageProductDependency;
			package = 40BEB5C32D981E6B00234C3D /* XCRemoteSwiftPackageReference "firebase-ios-sdk" */;
			productName = FirebaseAuth;
		};
		40BEB5C62D981E6B00234C3D /* FirebaseFirestore */ = {
			isa = XCSwiftPackageProductDependency;
			package = 40BEB5C32D981E6B00234C3D /* XCRemoteSwiftPackageReference "firebase-ios-sdk" */;
			productName = FirebaseFirestore;
		};
		40BEB5C82D981E6B00234C3D /* FirebaseStorage */ = {
			isa = XCSwiftPackageProductDependency;
			package = 40BEB5C32D981E6B00234C3D /* XCRemoteSwiftPackageReference "firebase-ios-sdk" */;
			productName = FirebaseStorage;
		};
/* End XCSwiftPackageProductDependency section */
	};
	rootObject = 40320DBC2D96625300C62FD7 /* Project object */;
}
